
Microsoft Visual Studio Solution File, Format Version 12.00
# Visual Studio Version 17
VisualStudioVersion = 17.2.32616.157
MinimumVisualStudioVersion = 10.0.40219.1
Project("{FAE04EC0-301F-11D3-BF4B-00C04F79EFBC}") = "AT2-InternationalWidgetWebApp", "AT2-InternationalWidgetWebApp\AT2-InternationalWidgetWebApp.csproj", "{10036907-CC84-4CED-944F-E338F8F8257A}"
EndProject
Global
	GlobalSection(SolutionConfigurationPlatforms) = preSolution
		Debug|Any CPU = Debug|Any CPU
		Release|Any CPU = Release|Any CPU
	EndGlobalSection
	GlobalSection(ProjectConfigurationPlatforms) = postSolution
		{10036907-CC84-4CED-944F-E338F8F8257A}.Debug|Any CPU.ActiveCfg = Debug|Any CPU
		{10036907-CC84-4CED-944F-E338F8F8257A}.Debug|Any CPU.Build.0 = Debug|Any CPU
		{10036907-CC84-4CED-944F-E338F8F8257A}.Release|Any CPU.ActiveCfg = Release|Any CPU
		{10036907-CC84-4CED-944F-E338F8F8257A}.Release|Any CPU.Build.0 = Release|Any CPU
	EndGlobalSection
	GlobalSection(SolutionProperties) = preSolution
		HideSolutionNode = FALSE
	EndGlobalSection
	GlobalSection(ExtensibilityGlobals) = postSolution
		SolutionGuid = {4E90CC46-C6D2-4131-B896-5A9581EC69A5}
	EndGlobalSection
EndGlobal
